// !$*UTF8*$!
{
	archiveVersion = 1;
	classes = {
	};
	objectVersion = 46;
	objects = {

/* Begin PBXBuildFile section */
		5694146E1FB59B6900139B9C /* AppDelegate.swift in Sources */ = {isa = PBXBuildFile; fileRef = 5694146D1FB59B6900139B9C /* AppDelegate.swift */; };
		569414701FB59B6900139B9C /* ViewController.swift in Sources */ = {isa = PBXBuildFile; fileRef = 5694146F1FB59B6900139B9C /* ViewController.swift */; };
		569414731FB59B6900139B9C /* Main.storyboard in Resources */ = {isa = PBXBuildFile; fileRef = 569414711FB59B6900139B9C /* Main.storyboard */; };
		569414751FB59B6900139B9C /* Assets.xcassets in Resources */ = {isa = PBXBuildFile; fileRef = 569414741FB59B6900139B9C /* Assets.xcassets */; };
		569414781FB59B6900139B9C /* LaunchScreen.storyboard in Resources */ = {isa = PBXBuildFile; fileRef = 569414761FB59B6900139B9C /* LaunchScreen.storyboard */; };
		569414831FB59B6900139B9C /* WhatsMyIDFATests.swift in Sources */ = {isa = PBXBuildFile; fileRef = 569414821FB59B6900139B9C /* WhatsMyIDFATests.swift */; };
		5694148E1FB59B6900139B9C /* WhatsMyIDFAUITests.swift in Sources */ = {isa = PBXBuildFile; fileRef = 5694148D1FB59B6900139B9C /* WhatsMyIDFAUITests.swift */; };
		5694149D1FB59DC700139B9C /* View+cornerRadius.swift in Sources */ = {isa = PBXBuildFile; fileRef = 5694149C1FB59DC700139B9C /* View+cornerRadius.swift */; };
		56A506F423F647CB0082D2EA /* GoogleService-Info.plist in Resources */ = {isa = PBXBuildFile; fileRef = 56A506F323F647CB0082D2EA /* GoogleService-Info.plist */; };
		76E65BAA1FB74DB900946B2E /* SVIndefiniteAnimatedView.m in Sources */ = {isa = PBXBuildFile; fileRef = 76E65BA11FB74DB900946B2E /* SVIndefiniteAnimatedView.m */; };
		76E65BAB1FB74DB900946B2E /* SVProgressAnimatedView.m in Sources */ = {isa = PBXBuildFile; fileRef = 76E65BA31FB74DB900946B2E /* SVProgressAnimatedView.m */; };
		76E65BAC1FB74DB900946B2E /* SVProgressHUD.bundle in Resources */ = {isa = PBXBuildFile; fileRef = 76E65BA51FB74DB900946B2E /* SVProgressHUD.bundle */; };
		76E65BAD1FB74DB900946B2E /* SVProgressHUD.m in Sources */ = {isa = PBXBuildFile; fileRef = 76E65BA71FB74DB900946B2E /* SVProgressHUD.m */; };
		76E65BAE1FB74DB900946B2E /* SVRadialGradientLayer.m in Sources */ = {isa = PBXBuildFile; fileRef = 76E65BA91FB74DB900946B2E /* SVRadialGradientLayer.m */; };
		D9CEA7EC183BAD4AFD590417 /* Pods_WhatsMyIDFA.framework in Frameworks */ = {isa = PBXBuildFile; fileRef = C677B2792652B4414C803C91 /* Pods_WhatsMyIDFA.framework */; };
/* End PBXBuildFile section */

/* Begin PBXContainerItemProxy section */
		5694147F1FB59B6900139B9C /* PBXContainerItemProxy */ = {
			isa = PBXContainerItemProxy;
			containerPortal = 569414621FB59B6900139B9C /* Project object */;
			proxyType = 1;
			remoteGlobalIDString = 569414691FB59B6900139B9C;
			remoteInfo = WhatsMyIDFA;
		};
		5694148A1FB59B6900139B9C /* PBXContainerItemProxy */ = {
			isa = PBXContainerItemProxy;
			containerPortal = 569414621FB59B6900139B9C /* Project object */;
			proxyType = 1;
			remoteGlobalIDString = 569414691FB59B6900139B9C;
			remoteInfo = WhatsMyIDFA;
		};
/* End PBXContainerItemProxy section */

/* Begin PBXFileReference section */
		0EDA49327AA966B39A613D5C /* Pods-WhatsMyIDFA.release.xcconfig */ = {isa = PBXFileReference; includeInIndex = 1; lastKnownFileType = text.xcconfig; name = "Pods-WhatsMyIDFA.release.xcconfig"; path = "Pods/Target Support Files/Pods-WhatsMyIDFA/Pods-WhatsMyIDFA.release.xcconfig"; sourceTree = "<group>"; };
		5694146A1FB59B6900139B9C /* WhatsMyIDFA.app */ = {isa = PBXFileReference; explicitFileType = wrapper.application; includeInIndex = 0; path = WhatsMyIDFA.app; sourceTree = BUILT_PRODUCTS_DIR; };
		5694146D1FB59B6900139B9C /* AppDelegate.swift */ = {isa = PBXFileReference; lastKnownFileType = sourcecode.swift; path = AppDelegate.swift; sourceTree = "<group>"; };
		5694146F1FB59B6900139B9C /* ViewController.swift */ = {isa = PBXFileReference; lastKnownFileType = sourcecode.swift; path = ViewController.swift; sourceTree = "<group>"; };
		569414721FB59B6900139B9C /* Base */ = {isa = PBXFileReference; lastKnownFileType = file.storyboard; name = Base; path = Base.lproj/Main.storyboard; sourceTree = "<group>"; };
		569414741FB59B6900139B9C /* Assets.xcassets */ = {isa = PBXFileReference; lastKnownFileType = folder.assetcatalog; path = Assets.xcassets; sourceTree = "<group>"; };
		569414771FB59B6900139B9C /* Base */ = {isa = PBXFileReference; lastKnownFileType = file.storyboard; name = Base; path = Base.lproj/LaunchScreen.storyboard; sourceTree = "<group>"; };
		569414791FB59B6900139B9C /* Info.plist */ = {isa = PBXFileReference; lastKnownFileType = text.plist.xml; path = Info.plist; sourceTree = "<group>"; };
		5694147E1FB59B6900139B9C /* WhatsMyIDFATests.xctest */ = {isa = PBXFileReference; explicitFileType = wrapper.cfbundle; includeInIndex = 0; path = WhatsMyIDFATests.xctest; sourceTree = BUILT_PRODUCTS_DIR; };
		569414821FB59B6900139B9C /* WhatsMyIDFATests.swift */ = {isa = PBXFileReference; lastKnownFileType = sourcecode.swift; path = WhatsMyIDFATests.swift; sourceTree = "<group>"; };
		569414841FB59B6900139B9C /* Info.plist */ = {isa = PBXFileReference; lastKnownFileType = text.plist.xml; path = Info.plist; sourceTree = "<group>"; };
		569414891FB59B6900139B9C /* WhatsMyIDFAUITests.xctest */ = {isa = PBXFileReference; explicitFileType = wrapper.cfbundle; includeInIndex = 0; path = WhatsMyIDFAUITests.xctest; sourceTree = BUILT_PRODUCTS_DIR; };
		5694148D1FB59B6900139B9C /* WhatsMyIDFAUITests.swift */ = {isa = PBXFileReference; lastKnownFileType = sourcecode.swift; path = WhatsMyIDFAUITests.swift; sourceTree = "<group>"; };
		5694148F1FB59B6900139B9C /* Info.plist */ = {isa = PBXFileReference; lastKnownFileType = text.plist.xml; path = Info.plist; sourceTree = "<group>"; };
		5694149C1FB59DC700139B9C /* View+cornerRadius.swift */ = {isa = PBXFileReference; fileEncoding = 4; lastKnownFileType = sourcecode.swift; path = "View+cornerRadius.swift"; sourceTree = "<group>"; };
		56A506F323F647CB0082D2EA /* GoogleService-Info.plist */ = {isa = PBXFileReference; fileEncoding = 4; lastKnownFileType = text.plist.xml; path = "GoogleService-Info.plist"; sourceTree = "<group>"; };
		56C5B46523D5AFED00B39231 /* WhatsMyIDFA.entitlements */ = {isa = PBXFileReference; lastKnownFileType = text.plist.entitlements; path = WhatsMyIDFA.entitlements; sourceTree = "<group>"; };
		76E65BA01FB74DB900946B2E /* SVIndefiniteAnimatedView.h */ = {isa = PBXFileReference; fileEncoding = 4; lastKnownFileType = sourcecode.c.h; path = SVIndefiniteAnimatedView.h; sourceTree = "<group>"; };
		76E65BA11FB74DB900946B2E /* SVIndefiniteAnimatedView.m */ = {isa = PBXFileReference; fileEncoding = 4; lastKnownFileType = sourcecode.c.objc; path = SVIndefiniteAnimatedView.m; sourceTree = "<group>"; };
		76E65BA21FB74DB900946B2E /* SVProgressAnimatedView.h */ = {isa = PBXFileReference; fileEncoding = 4; lastKnownFileType = sourcecode.c.h; path = SVProgressAnimatedView.h; sourceTree = "<group>"; };
		76E65BA31FB74DB900946B2E /* SVProgressAnimatedView.m */ = {isa = PBXFileReference; fileEncoding = 4; lastKnownFileType = sourcecode.c.objc; path = SVProgressAnimatedView.m; sourceTree = "<group>"; };
		76E65BA41FB74DB900946B2E /* SVProgressHUD-Prefix.pch */ = {isa = PBXFileReference; fileEncoding = 4; lastKnownFileType = sourcecode.c.h; path = "SVProgressHUD-Prefix.pch"; sourceTree = "<group>"; };
		76E65BA51FB74DB900946B2E /* SVProgressHUD.bundle */ = {isa = PBXFileReference; lastKnownFileType = "wrapper.plug-in"; path = SVProgressHUD.bundle; sourceTree = "<group>"; };
		76E65BA61FB74DB900946B2E /* SVProgressHUD.h */ = {isa = PBXFileReference; fileEncoding = 4; lastKnownFileType = sourcecode.c.h; path = SVProgressHUD.h; sourceTree = "<group>"; };
		76E65BA71FB74DB900946B2E /* SVProgressHUD.m */ = {isa = PBXFileReference; fileEncoding = 4; lastKnownFileType = sourcecode.c.objc; path = SVProgressHUD.m; sourceTree = "<group>"; };
		76E65BA81FB74DB900946B2E /* SVRadialGradientLayer.h */ = {isa = PBXFileReference; fileEncoding = 4; lastKnownFileType = sourcecode.c.h; path = SVRadialGradientLayer.h; sourceTree = "<group>"; };
		76E65BA91FB74DB900946B2E /* SVRadialGradientLayer.m */ = {isa = PBXFileReference; fileEncoding = 4; lastKnownFileType = sourcecode.c.objc; path = SVRadialGradientLayer.m; sourceTree = "<group>"; };
		76E65BB21FB74E5300946B2E /* WhatsMyIDFA-Bridging-Header.h */ = {isa = PBXFileReference; lastKnownFileType = sourcecode.c.h; path = "WhatsMyIDFA-Bridging-Header.h"; sourceTree = "<group>"; };
		A33DD4E80A412AE152C570A0 /* Pods-WhatsMyIDFA.debug.xcconfig */ = {isa = PBXFileReference; includeInIndex = 1; lastKnownFileType = text.xcconfig; name = "Pods-WhatsMyIDFA.debug.xcconfig"; path = "Pods/Target Support Files/Pods-WhatsMyIDFA/Pods-WhatsMyIDFA.debug.xcconfig"; sourceTree = "<group>"; };
		C677B2792652B4414C803C91 /* Pods_WhatsMyIDFA.framework */ = {isa = PBXFileReference; explicitFileType = wrapper.framework; includeInIndex = 0; path = Pods_WhatsMyIDFA.framework; sourceTree = BUILT_PRODUCTS_DIR; };
/* End PBXFileReference section */

/* Begin PBXFrameworksBuildPhase section */
		569414671FB59B6900139B9C /* Frameworks */ = {
			isa = PBXFrameworksBuildPhase;
			buildActionMask = 2147483647;
			files = (
				D9CEA7EC183BAD4AFD590417 /* Pods_WhatsMyIDFA.framework in Frameworks */,
			);
			runOnlyForDeploymentPostprocessing = 0;
		};
		5694147B1FB59B6900139B9C /* Frameworks */ = {
			isa = PBXFrameworksBuildPhase;
			buildActionMask = 2147483647;
			files = (
			);
			runOnlyForDeploymentPostprocessing = 0;
		};
		569414861FB59B6900139B9C /* Frameworks */ = {
			isa = PBXFrameworksBuildPhase;
			buildActionMask = 2147483647;
			files = (
			);
			runOnlyForDeploymentPostprocessing = 0;
		};
/* End PBXFrameworksBuildPhase section */

/* Begin PBXGroup section */
		569414611FB59B6900139B9C = {
			isa = PBXGroup;
			children = (
				5694146C1FB59B6900139B9C /* WhatsMyIDFA */,
				569414811FB59B6900139B9C /* WhatsMyIDFATests */,
				5694148C1FB59B6900139B9C /* WhatsMyIDFAUITests */,
				5694146B1FB59B6900139B9C /* Products */,
				CB6B014F82F43CECF463EFE6 /* Pods */,
				FE2942AE702D3939000C539D /* Frameworks */,
			);
			sourceTree = "<group>";
		};
		5694146B1FB59B6900139B9C /* Products */ = {
			isa = PBXGroup;
			children = (
				5694146A1FB59B6900139B9C /* WhatsMyIDFA.app */,
				5694147E1FB59B6900139B9C /* WhatsMyIDFATests.xctest */,
				569414891FB59B6900139B9C /* WhatsMyIDFAUITests.xctest */,
			);
			name = Products;
			sourceTree = "<group>";
		};
		5694146C1FB59B6900139B9C /* WhatsMyIDFA */ = {
			isa = PBXGroup;
			children = (
				56C5B46523D5AFED00B39231 /* WhatsMyIDFA.entitlements */,
				5694146D1FB59B6900139B9C /* AppDelegate.swift */,
				5694146F1FB59B6900139B9C /* ViewController.swift */,
				569414711FB59B6900139B9C /* Main.storyboard */,
				76E65BB21FB74E5300946B2E /* WhatsMyIDFA-Bridging-Header.h */,
				5694149B1FB59DC700139B9C /* Utilities */,
				76E65B9E1FB74DB900946B2E /* ThirdParty */,
				569414741FB59B6900139B9C /* Assets.xcassets */,
				569414761FB59B6900139B9C /* LaunchScreen.storyboard */,
				569414791FB59B6900139B9C /* Info.plist */,
				56A506F223F647B30082D2EA /* SupportFile */,
			);
			path = WhatsMyIDFA;
			sourceTree = "<group>";
		};
		569414811FB59B6900139B9C /* WhatsMyIDFATests */ = {
			isa = PBXGroup;
			children = (
				569414821FB59B6900139B9C /* WhatsMyIDFATests.swift */,
				569414841FB59B6900139B9C /* Info.plist */,
			);
			path = WhatsMyIDFATests;
			sourceTree = "<group>";
		};
		5694148C1FB59B6900139B9C /* WhatsMyIDFAUITests */ = {
			isa = PBXGroup;
			children = (
				5694148D1FB59B6900139B9C /* WhatsMyIDFAUITests.swift */,
				5694148F1FB59B6900139B9C /* Info.plist */,
			);
			path = WhatsMyIDFAUITests;
			sourceTree = "<group>";
		};
		5694149B1FB59DC700139B9C /* Utilities */ = {
			isa = PBXGroup;
			children = (
				5694149C1FB59DC700139B9C /* View+cornerRadius.swift */,
			);
			path = Utilities;
			sourceTree = "<group>";
		};
		56A506F223F647B30082D2EA /* SupportFile */ = {
			isa = PBXGroup;
			children = (
				56A506F323F647CB0082D2EA /* GoogleService-Info.plist */,
			);
			path = SupportFile;
			sourceTree = "<group>";
		};
		76E65B9E1FB74DB900946B2E /* ThirdParty */ = {
			isa = PBXGroup;
			children = (
				76E65B9F1FB74DB900946B2E /* SVProgressHUD */,
			);
			path = ThirdParty;
			sourceTree = "<group>";
		};
		76E65B9F1FB74DB900946B2E /* SVProgressHUD */ = {
			isa = PBXGroup;
			children = (
				76E65BA01FB74DB900946B2E /* SVIndefiniteAnimatedView.h */,
				76E65BA11FB74DB900946B2E /* SVIndefiniteAnimatedView.m */,
				76E65BA21FB74DB900946B2E /* SVProgressAnimatedView.h */,
				76E65BA31FB74DB900946B2E /* SVProgressAnimatedView.m */,
				76E65BA41FB74DB900946B2E /* SVProgressHUD-Prefix.pch */,
				76E65BA51FB74DB900946B2E /* SVProgressHUD.bundle */,
				76E65BA61FB74DB900946B2E /* SVProgressHUD.h */,
				76E65BA71FB74DB900946B2E /* SVProgressHUD.m */,
				76E65BA81FB74DB900946B2E /* SVRadialGradientLayer.h */,
				76E65BA91FB74DB900946B2E /* SVRadialGradientLayer.m */,
			);
			path = SVProgressHUD;
			sourceTree = "<group>";
		};
		CB6B014F82F43CECF463EFE6 /* Pods */ = {
			isa = PBXGroup;
			children = (
				A33DD4E80A412AE152C570A0 /* Pods-WhatsMyIDFA.debug.xcconfig */,
				0EDA49327AA966B39A613D5C /* Pods-WhatsMyIDFA.release.xcconfig */,
			);
			name = Pods;
			sourceTree = "<group>";
		};
		FE2942AE702D3939000C539D /* Frameworks */ = {
			isa = PBXGroup;
			children = (
				C677B2792652B4414C803C91 /* Pods_WhatsMyIDFA.framework */,
			);
			name = Frameworks;
			sourceTree = "<group>";
		};
/* End PBXGroup section */

/* Begin PBXNativeTarget section */
		569414691FB59B6900139B9C /* WhatsMyIDFA */ = {
			isa = PBXNativeTarget;
			buildConfigurationList = 569414921FB59B6900139B9C /* Build configuration list for PBXNativeTarget "WhatsMyIDFA" */;
			buildPhases = (
				14BA11B73A9E5E54842A9D95 /* [CP] Check Pods Manifest.lock */,
				569414661FB59B6900139B9C /* Sources */,
				569414671FB59B6900139B9C /* Frameworks */,
				569414681FB59B6900139B9C /* Resources */,
				17F0E51C60D4978D0164EB00 /* [CP] Embed Pods Frameworks */,
			);
			buildRules = (
			);
			dependencies = (
			);
			name = WhatsMyIDFA;
			productName = WhatsMyIDFA;
			productReference = 5694146A1FB59B6900139B9C /* WhatsMyIDFA.app */;
			productType = "com.apple.product-type.application";
		};
		5694147D1FB59B6900139B9C /* WhatsMyIDFATests */ = {
			isa = PBXNativeTarget;
			buildConfigurationList = 569414951FB59B6900139B9C /* Build configuration list for PBXNativeTarget "WhatsMyIDFATests" */;
			buildPhases = (
				5694147A1FB59B6900139B9C /* Sources */,
				5694147B1FB59B6900139B9C /* Frameworks */,
				5694147C1FB59B6900139B9C /* Resources */,
			);
			buildRules = (
			);
			dependencies = (
				569414801FB59B6900139B9C /* PBXTargetDependency */,
			);
			name = WhatsMyIDFATests;
			productName = WhatsMyIDFATests;
			productReference = 5694147E1FB59B6900139B9C /* WhatsMyIDFATests.xctest */;
			productType = "com.apple.product-type.bundle.unit-test";
		};
		569414881FB59B6900139B9C /* WhatsMyIDFAUITests */ = {
			isa = PBXNativeTarget;
			buildConfigurationList = 569414981FB59B6900139B9C /* Build configuration list for PBXNativeTarget "WhatsMyIDFAUITests" */;
			buildPhases = (
				569414851FB59B6900139B9C /* Sources */,
				569414861FB59B6900139B9C /* Frameworks */,
				569414871FB59B6900139B9C /* Resources */,
			);
			buildRules = (
			);
			dependencies = (
				5694148B1FB59B6900139B9C /* PBXTargetDependency */,
			);
			name = WhatsMyIDFAUITests;
			productName = WhatsMyIDFAUITests;
			productReference = 569414891FB59B6900139B9C /* WhatsMyIDFAUITests.xctest */;
			productType = "com.apple.product-type.bundle.ui-testing";
		};
/* End PBXNativeTarget section */

/* Begin PBXProject section */
		569414621FB59B6900139B9C /* Project object */ = {
			isa = PBXProject;
			attributes = {
				LastSwiftUpdateCheck = 0830;
				LastUpgradeCheck = 0830;
				ORGANIZATIONNAME = Charlesstw;
				TargetAttributes = {
					569414691FB59B6900139B9C = {
						CreatedOnToolsVersion = 8.3.3;
						DevelopmentTeam = RJYZ49S9JJ;
						ProvisioningStyle = Automatic;
					};
					5694147D1FB59B6900139B9C = {
						CreatedOnToolsVersion = 8.3.3;
						DevelopmentTeam = 7T8HSHZPQ4;
						ProvisioningStyle = Automatic;
						TestTargetID = 569414691FB59B6900139B9C;
					};
					569414881FB59B6900139B9C = {
						CreatedOnToolsVersion = 8.3.3;
						DevelopmentTeam = 7T8HSHZPQ4;
						ProvisioningStyle = Automatic;
						TestTargetID = 569414691FB59B6900139B9C;
					};
				};
			};
			buildConfigurationList = 569414651FB59B6900139B9C /* Build configuration list for PBXProject "WhatsMyIDFA" */;
			compatibilityVersion = "Xcode 3.2";
			developmentRegion = English;
			hasScannedForEncodings = 0;
			knownRegions = (
				English,
				en,
				Base,
			);
			mainGroup = 569414611FB59B6900139B9C;
			productRefGroup = 5694146B1FB59B6900139B9C /* Products */;
			projectDirPath = "";
			projectRoot = "";
			targets = (
				569414691FB59B6900139B9C /* WhatsMyIDFA */,
				5694147D1FB59B6900139B9C /* WhatsMyIDFATests */,
				569414881FB59B6900139B9C /* WhatsMyIDFAUITests */,
			);
		};
/* End PBXProject section */

/* Begin PBXResourcesBuildPhase section */
		569414681FB59B6900139B9C /* Resources */ = {
			isa = PBXResourcesBuildPhase;
			buildActionMask = 2147483647;
			files = (
				569414781FB59B6900139B9C /* LaunchScreen.storyboard in Resources */,
				569414751FB59B6900139B9C /* Assets.xcassets in Resources */,
				56A506F423F647CB0082D2EA /* GoogleService-Info.plist in Resources */,
				569414731FB59B6900139B9C /* Main.storyboard in Resources */,
				76E65BAC1FB74DB900946B2E /* SVProgressHUD.bundle in Resources */,
			);
			runOnlyForDeploymentPostprocessing = 0;
		};
		5694147C1FB59B6900139B9C /* Resources */ = {
			isa = PBXResourcesBuildPhase;
			buildActionMask = 2147483647;
			files = (
			);
			runOnlyForDeploymentPostprocessing = 0;
		};
		569414871FB59B6900139B9C /* Resources */ = {
			isa = PBXResourcesBuildPhase;
			buildActionMask = 2147483647;
			files = (
			);
			runOnlyForDeploymentPostprocessing = 0;
		};
/* End PBXResourcesBuildPhase section */

/* Begin PBXShellScriptBuildPhase section */
		14BA11B73A9E5E54842A9D95 /* [CP] Check Pods Manifest.lock */ = {
			isa = PBXShellScriptBuildPhase;
			buildActionMask = 2147483647;
			files = (
			);
			inputPaths = (
				"${PODS_PODFILE_DIR_PATH}/Podfile.lock",
				"${PODS_ROOT}/Manifest.lock",
			);
			name = "[CP] Check Pods Manifest.lock";
			outputPaths = (
				"$(DERIVED_FILE_DIR)/Pods-WhatsMyIDFA-checkManifestLockResult.txt",
			);
			runOnlyForDeploymentPostprocessing = 0;
			shellPath = /bin/sh;
			shellScript = "diff \"${PODS_PODFILE_DIR_PATH}/Podfile.lock\" \"${PODS_ROOT}/Manifest.lock\" > /dev/null\nif [ $? != 0 ] ; then\n    # print error to STDERR\n    echo \"error: The sandbox is not in sync with the Podfile.lock. Run 'pod install' or update your CocoaPods installation.\" >&2\n    exit 1\nfi\n# This output is used by Xcode 'outputs' to avoid re-running this script phase.\necho \"SUCCESS\" > \"${SCRIPT_OUTPUT_FILE_0}\"\n";
			showEnvVarsInLog = 0;
		};
		17F0E51C60D4978D0164EB00 /* [CP] Embed Pods Frameworks */ = {
			isa = PBXShellScriptBuildPhase;
			buildActionMask = 2147483647;
			files = (
			);
			inputPaths = (
				"${PODS_ROOT}/Target Support Files/Pods-WhatsMyIDFA/Pods-WhatsMyIDFA-frameworks.sh",
				"${BUILT_PRODUCTS_DIR}/GoogleUtilities/GoogleUtilities.framework",
				"${BUILT_PRODUCTS_DIR}/PromisesObjC/FBLPromises.framework",
				"${BUILT_PRODUCTS_DIR}/nanopb/nanopb.framework",
			);
			name = "[CP] Embed Pods Frameworks";
			outputPaths = (
				"${TARGET_BUILD_DIR}/${FRAMEWORKS_FOLDER_PATH}/GoogleUtilities.framework",
				"${TARGET_BUILD_DIR}/${FRAMEWORKS_FOLDER_PATH}/FBLPromises.framework",
				"${TARGET_BUILD_DIR}/${FRAMEWORKS_FOLDER_PATH}/nanopb.framework",
			);
			runOnlyForDeploymentPostprocessing = 0;
			shellPath = /bin/sh;
			shellScript = "\"${PODS_ROOT}/Target Support Files/Pods-WhatsMyIDFA/Pods-WhatsMyIDFA-frameworks.sh\"\n";
			showEnvVarsInLog = 0;
		};
/* End PBXShellScriptBuildPhase section */

/* Begin PBXSourcesBuildPhase section */
		569414661FB59B6900139B9C /* Sources */ = {
			isa = PBXSourcesBuildPhase;
			buildActionMask = 2147483647;
			files = (
				76E65BAE1FB74DB900946B2E /* SVRadialGradientLayer.m in Sources */,
				569414701FB59B6900139B9C /* ViewController.swift in Sources */,
				76E65BAB1FB74DB900946B2E /* SVProgressAnimatedView.m in Sources */,
				5694149D1FB59DC700139B9C /* View+cornerRadius.swift in Sources */,
				5694146E1FB59B6900139B9C /* AppDelegate.swift in Sources */,
				76E65BAA1FB74DB900946B2E /* SVIndefiniteAnimatedView.m in Sources */,
				76E65BAD1FB74DB900946B2E /* SVProgressHUD.m in Sources */,
			);
			runOnlyForDeploymentPostprocessing = 0;
		};
		5694147A1FB59B6900139B9C /* Sources */ = {
			isa = PBXSourcesBuildPhase;
			buildActionMask = 2147483647;
			files = (
				569414831FB59B6900139B9C /* WhatsMyIDFATests.swift in Sources */,
			);
			runOnlyForDeploymentPostprocessing = 0;
		};
		569414851FB59B6900139B9C /* Sources */ = {
			isa = PBXSourcesBuildPhase;
			buildActionMask = 2147483647;
			files = (
				5694148E1FB59B6900139B9C /* WhatsMyIDFAUITests.swift in Sources */,
			);
			runOnlyForDeploymentPostprocessing = 0;
		};
/* End PBXSourcesBuildPhase section */

/* Begin PBXTargetDependency section */
		569414801FB59B6900139B9C /* PBXTargetDependency */ = {
			isa = PBXTargetDependency;
			target = 569414691FB59B6900139B9C /* WhatsMyIDFA */;
			targetProxy = 5694147F1FB59B6900139B9C /* PBXContainerItemProxy */;
		};
		5694148B1FB59B6900139B9C /* PBXTargetDependency */ = {
			isa = PBXTargetDependency;
			target = 569414691FB59B6900139B9C /* WhatsMyIDFA */;
			targetProxy = 5694148A1FB59B6900139B9C /* PBXContainerItemProxy */;
		};
/* End PBXTargetDependency section */

/* Begin PBXVariantGroup section */
		569414711FB59B6900139B9C /* Main.storyboard */ = {
			isa = PBXVariantGroup;
			children = (
				569414721FB59B6900139B9C /* Base */,
			);
			name = Main.storyboard;
			sourceTree = "<group>";
		};
		569414761FB59B6900139B9C /* LaunchScreen.storyboard */ = {
			isa = PBXVariantGroup;
			children = (
				569414771FB59B6900139B9C /* Base */,
			);
			name = LaunchScreen.storyboard;
			sourceTree = "<group>";
		};
/* End PBXVariantGroup section */

/* Begin XCBuildConfiguration section */
		569414901FB59B6900139B9C /* Debug */ = {
			isa = XCBuildConfiguration;
			buildSettings = {
				ALWAYS_SEARCH_USER_PATHS = NO;
				CLANG_ANALYZER_NONNULL = YES;
				CLANG_ANALYZER_NUMBER_OBJECT_CONVERSION = YES_AGGRESSIVE;
				CLANG_CXX_LANGUAGE_STANDARD = "gnu++0x";
				CLANG_CXX_LIBRARY = "libc++";
				CLANG_ENABLE_MODULES = YES;
				CLANG_ENABLE_OBJC_ARC = YES;
				CLANG_WARN_BOOL_CONVERSION = YES;
				CLANG_WARN_CONSTANT_CONVERSION = YES;
				CLANG_WARN_DIRECT_OBJC_ISA_USAGE = YES_ERROR;
				CLANG_WARN_DOCUMENTATION_COMMENTS = YES;
				CLANG_WARN_EMPTY_BODY = YES;
				CLANG_WARN_ENUM_CONVERSION = YES;
				CLANG_WARN_INFINITE_RECURSION = YES;
				CLANG_WARN_INT_CONVERSION = YES;
				CLANG_WARN_OBJC_ROOT_CLASS = YES_ERROR;
				CLANG_WARN_SUSPICIOUS_MOVE = YES;
				CLANG_WARN_UNREACHABLE_CODE = YES;
				CLANG_WARN__DUPLICATE_METHOD_MATCH = YES;
				"CODE_SIGN_IDENTITY[sdk=iphoneos*]" = "iPhone Developer";
				COPY_PHASE_STRIP = NO;
				DEBUG_INFORMATION_FORMAT = dwarf;
				ENABLE_STRICT_OBJC_MSGSEND = YES;
				ENABLE_TESTABILITY = YES;
				GCC_C_LANGUAGE_STANDARD = gnu99;
				GCC_DYNAMIC_NO_PIC = NO;
				GCC_NO_COMMON_BLOCKS = YES;
				GCC_OPTIMIZATION_LEVEL = 0;
				GCC_PREPROCESSOR_DEFINITIONS = (
					"DEBUG=1",
					"$(inherited)",
				);
				GCC_WARN_64_TO_32_BIT_CONVERSION = YES;
				GCC_WARN_ABOUT_RETURN_TYPE = YES_ERROR;
				GCC_WARN_UNDECLARED_SELECTOR = YES;
				GCC_WARN_UNINITIALIZED_AUTOS = YES_AGGRESSIVE;
				GCC_WARN_UNUSED_FUNCTION = YES;
				GCC_WARN_UNUSED_VARIABLE = YES;
				IPHONEOS_DEPLOYMENT_TARGET = 8.0;
				MTL_ENABLE_DEBUG_INFO = YES;
				ONLY_ACTIVE_ARCH = YES;
				SDKROOT = iphoneos;
				SWIFT_ACTIVE_COMPILATION_CONDITIONS = DEBUG;
				SWIFT_OPTIMIZATION_LEVEL = "-Onone";
				TARGETED_DEVICE_FAMILY = "1,2";
			};
			name = Debug;
		};
		569414911FB59B6900139B9C /* Release */ = {
			isa = XCBuildConfiguration;
			buildSettings = {
				ALWAYS_SEARCH_USER_PATHS = NO;
				CLANG_ANALYZER_NONNULL = YES;
				CLANG_ANALYZER_NUMBER_OBJECT_CONVERSION = YES_AGGRESSIVE;
				CLANG_CXX_LANGUAGE_STANDARD = "gnu++0x";
				CLANG_CXX_LIBRARY = "libc++";
				CLANG_ENABLE_MODULES = YES;
				CLANG_ENABLE_OBJC_ARC = YES;
				CLANG_WARN_BOOL_CONVERSION = YES;
				CLANG_WARN_CONSTANT_CONVERSION = YES;
				CLANG_WARN_DIRECT_OBJC_ISA_USAGE = YES_ERROR;
				CLANG_WARN_DOCUMENTATION_COMMENTS = YES;
				CLANG_WARN_EMPTY_BODY = YES;
				CLANG_WARN_ENUM_CONVERSION = YES;
				CLANG_WARN_INFINITE_RECURSION = YES;
				CLANG_WARN_INT_CONVERSION = YES;
				CLANG_WARN_OBJC_ROOT_CLASS = YES_ERROR;
				CLANG_WARN_SUSPICIOUS_MOVE = YES;
				CLANG_WARN_UNREACHABLE_CODE = YES;
				CLANG_WARN__DUPLICATE_METHOD_MATCH = YES;
				"CODE_SIGN_IDENTITY[sdk=iphoneos*]" = "iPhone Developer";
				COPY_PHASE_STRIP = NO;
				DEBUG_INFORMATION_FORMAT = "dwarf-with-dsym";
				ENABLE_NS_ASSERTIONS = NO;
				ENABLE_STRICT_OBJC_MSGSEND = YES;
				GCC_C_LANGUAGE_STANDARD = gnu99;
				GCC_NO_COMMON_BLOCKS = YES;
				GCC_WARN_64_TO_32_BIT_CONVERSION = YES;
				GCC_WARN_ABOUT_RETURN_TYPE = YES_ERROR;
				GCC_WARN_UNDECLARED_SELECTOR = YES;
				GCC_WARN_UNINITIALIZED_AUTOS = YES_AGGRESSIVE;
				GCC_WARN_UNUSED_FUNCTION = YES;
				GCC_WARN_UNUSED_VARIABLE = YES;
				IPHONEOS_DEPLOYMENT_TARGET = 8.0;
				MTL_ENABLE_DEBUG_INFO = NO;
				SDKROOT = iphoneos;
				SWIFT_OPTIMIZATION_LEVEL = "-Owholemodule";
				TARGETED_DEVICE_FAMILY = "1,2";
				VALIDATE_PRODUCT = YES;
			};
			name = Release;
		};
		569414931FB59B6900139B9C /* Debug */ = {
			isa = XCBuildConfiguration;
			baseConfigurationReference = A33DD4E80A412AE152C570A0 /* Pods-WhatsMyIDFA.debug.xcconfig */;
			buildSettings = {
				ARCHS = "$(ARCHS_STANDARD)";
				ASSETCATALOG_COMPILER_APPICON_NAME = AppIcon;
				CODE_SIGN_ENTITLEMENTS = WhatsMyIDFA/WhatsMyIDFA.entitlements;
				CODE_SIGN_IDENTITY = "iPhone Developer";
				"CODE_SIGN_IDENTITY[sdk=iphoneos*]" = "iPhone Developer";
				CODE_SIGN_STYLE = Automatic;
				DEVELOPMENT_TEAM = RJYZ49S9JJ;
				INFOPLIST_FILE = WhatsMyIDFA/Info.plist;
				LD_RUNPATH_SEARCH_PATHS = "$(inherited) @executable_path/Frameworks";
				OTHER_CFLAGS = (
					"$(inherited)",
					"-isystem",
					"\"${PODS_ROOT}/Headers/Public\"",
					"-isystem",
					"\"${PODS_ROOT}/Headers/Public/Google-Mobile-Ads-SDK\"",
				);
				PRODUCT_BUNDLE_IDENTIFIER = com.Charles.WhatsMyIDFA;
				PRODUCT_NAME = "$(TARGET_NAME)";
				PROVISIONING_PROFILE = "";
				PROVISIONING_PROFILE_SPECIFIER = "";
				SWIFT_OBJC_BRIDGING_HEADER = "$(SRCROOT)/WhatsMyIDFA/WhatsMyIDFA-Bridging-Header.h";
				SWIFT_VERSION = 5.0;
			};
			name = Debug;
		};
		569414941FB59B6900139B9C /* Release */ = {
			isa = XCBuildConfiguration;
			baseConfigurationReference = 0EDA49327AA966B39A613D5C /* Pods-WhatsMyIDFA.release.xcconfig */;
			buildSettings = {
				ARCHS = "$(ARCHS_STANDARD)";
				ASSETCATALOG_COMPILER_APPICON_NAME = AppIcon;
				CODE_SIGN_ENTITLEMENTS = WhatsMyIDFA/WhatsMyIDFA.entitlements;
				CODE_SIGN_IDENTITY = "iPhone Developer";
				"CODE_SIGN_IDENTITY[sdk=iphoneos*]" = "iPhone Developer";
				CODE_SIGN_STYLE = Automatic;
				DEVELOPMENT_TEAM = RJYZ49S9JJ;
				INFOPLIST_FILE = WhatsMyIDFA/Info.plist;
				LD_RUNPATH_SEARCH_PATHS = "$(inherited) @executable_path/Frameworks";
				OTHER_CFLAGS = (
					"$(inherited)",
					"-isystem",
					"\"${PODS_ROOT}/Headers/Public\"",
					"-isystem",
					"\"${PODS_ROOT}/Headers/Public/Google-Mobile-Ads-SDK\"",
				);
				PRODUCT_BUNDLE_IDENTIFIER = com.Charles.WhatsMyIDFA;
				PRODUCT_NAME = "$(TARGET_NAME)";
				PROVISIONING_PROFILE_SPECIFIER = "";
				SWIFT_OBJC_BRIDGING_HEADER = "$(SRCROOT)/WhatsMyIDFA/WhatsMyIDFA-Bridging-Header.h";
				SWIFT_VERSION = 5.0;
			};
			name = Release;
		};
		569414961FB59B6900139B9C /* Debug */ = {
			isa = XCBuildConfiguration;
			buildSettings = {
				ALWAYS_EMBED_SWIFT_STANDARD_LIBRARIES = YES;
				BUNDLE_LOADER = "$(TEST_HOST)";
				DEVELOPMENT_TEAM = 7T8HSHZPQ4;
				INFOPLIST_FILE = WhatsMyIDFATests/Info.plist;
				LD_RUNPATH_SEARCH_PATHS = "$(inherited) @executable_path/Frameworks @loader_path/Frameworks";
				PRODUCT_BUNDLE_IDENTIFIER = com.Charlesstw.WhatsMyIDFATests;
				PRODUCT_NAME = "$(TARGET_NAME)";
				SWIFT_VERSION = 3.0;
				TEST_HOST = "$(BUILT_PRODUCTS_DIR)/WhatsMyIDFA.app/WhatsMyIDFA";
			};
			name = Debug;
		};
		569414971FB59B6900139B9C /* Release */ = {
			isa = XCBuildConfiguration;
			buildSettings = {
				ALWAYS_EMBED_SWIFT_STANDARD_LIBRARIES = YES;
				BUNDLE_LOADER = "$(TEST_HOST)";
				DEVELOPMENT_TEAM = 7T8HSHZPQ4;
				INFOPLIST_FILE = WhatsMyIDFATests/Info.plist;
				LD_RUNPATH_SEARCH_PATHS = "$(inherited) @executable_path/Frameworks @loader_path/Frameworks";
				PRODUCT_BUNDLE_IDENTIFIER = com.Charlesstw.WhatsMyIDFATests;
				PRODUCT_NAME = "$(TARGET_NAME)";
				SWIFT_VERSION = 3.0;
				TEST_HOST = "$(BUILT_PRODUCTS_DIR)/WhatsMyIDFA.app/WhatsMyIDFA";
			};
			name = Release;
		};
		569414991FB59B6900139B9C /* Debug */ = {
			isa = XCBuildConfiguration;
			buildSettings = {
				ALWAYS_EMBED_SWIFT_STANDARD_LIBRARIES = YES;
				DEVELOPMENT_TEAM = 7T8HSHZPQ4;
				INFOPLIST_FILE = WhatsMyIDFAUITests/Info.plist;
				LD_RUNPATH_SEARCH_PATHS = "$(inherited) @executable_path/Frameworks @loader_path/Frameworks";
				PRODUCT_BUNDLE_IDENTIFIER = com.Charlesstw.WhatsMyIDFAUITests;
				PRODUCT_NAME = "$(TARGET_NAME)";
				SWIFT_VERSION = 3.0;
				TEST_TARGET_NAME = WhatsMyIDFA;
			};
			name = Debug;
		};
		5694149A1FB59B6900139B9C /* Release */ = {
			isa = XCBuildConfiguration;
			buildSettings = {
				ALWAYS_EMBED_SWIFT_STANDARD_LIBRARIES = YES;
				DEVELOPMENT_TEAM = 7T8HSHZPQ4;
				INFOPLIST_FILE = WhatsMyIDFAUITests/Info.plist;
				LD_RUNPATH_SEARCH_PATHS = "$(inherited) @executable_path/Frameworks @loader_path/Frameworks";
				PRODUCT_BUNDLE_IDENTIFIER = com.Charlesstw.WhatsMyIDFAUITests;
				PRODUCT_NAME = "$(TARGET_NAME)";
				SWIFT_VERSION = 3.0;
				TEST_TARGET_NAME = WhatsMyIDFA;
			};
			name = Release;
		};
/* End XCBuildConfiguration section */

/* Begin XCConfigurationList section */
		569414651FB59B6900139B9C /* Build configuration list for PBXProject "WhatsMyIDFA" */ = {
			isa = XCConfigurationList;
			buildConfigurations = (
				569414901FB59B6900139B9C /* Debug */,
				569414911FB59B6900139B9C /* Release */,
			);
			defaultConfigurationIsVisible = 0;
			defaultConfigurationName = Release;
		};
		569414921FB59B6900139B9C /* Build configuration list for PBXNativeTarget "WhatsMyIDFA" */ = {
			isa = XCConfigurationList;
			buildConfigurations = (
				569414931FB59B6900139B9C /* Debug */,
				569414941FB59B6900139B9C /* Release */,
			);
			defaultConfigurationIsVisible = 0;
			defaultConfigurationName = Release;
		};
		569414951FB59B6900139B9C /* Build configuration list for PBXNativeTarget "WhatsMyIDFATests" */ = {
			isa = XCConfigurationList;
			buildConfigurations = (
				569414961FB59B6900139B9C /* Debug */,
				569414971FB59B6900139B9C /* Release */,
			);
			defaultConfigurationIsVisible = 0;
			defaultConfigurationName = Release;
		};
		569414981FB59B6900139B9C /* Build configuration list for PBXNativeTarget "WhatsMyIDFAUITests" */ = {
			isa = XCConfigurationList;
			buildConfigurations = (
				569414991FB59B6900139B9C /* Debug */,
				5694149A1FB59B6900139B9C /* Release */,
			);
			defaultConfigurationIsVisible = 0;
			defaultConfigurationName = Release;
		};
/* End XCConfigurationList section */
	};
	rootObject = 569414621FB59B6900139B9C /* Project object */;
}
